// !$*UTF8*$!
{
	archiveVersion = 1;
	classes = {
	};
	objectVersion = 52;
	objects = {

/* Begin PBXBuildFile section */
		D252ADDD26435BBE000B349B /* Sanity in Frameworks */ = {isa = PBXBuildFile; productRef = D252ADDC26435BBE000B349B /* Sanity */; };
		D2E71DC9264356FE00DBECEC /* SanityDemoApp.swift in Sources */ = {isa = PBXBuildFile; fileRef = D2E71DC8264356FE00DBECEC /* SanityDemoApp.swift */; };
		D2E71DCB264356FE00DBECEC /* ContentView.swift in Sources */ = {isa = PBXBuildFile; fileRef = D2E71DCA264356FE00DBECEC /* ContentView.swift */; };
		D2E71DCD264356FF00DBECEC /* Assets.xcassets in Resources */ = {isa = PBXBuildFile; fileRef = D2E71DCC264356FF00DBECEC /* Assets.xcassets */; };
		D2E71DD0264356FF00DBECEC /* Preview Assets.xcassets in Resources */ = {isa = PBXBuildFile; fileRef = D2E71DCF264356FF00DBECEC /* Preview Assets.xcassets */; };
		D2E71DDC264357C100DBECEC /* SDWebImageSwiftUI in Frameworks */ = {isa = PBXBuildFile; productRef = D2E71DDB264357C100DBECEC /* SDWebImageSwiftUI */; };
/* End PBXBuildFile section */

/* Begin PBXFileReference section */
		D2E71DC5264356FE00DBECEC /* SanityDemoApp.app */ = {isa = PBXFileReference; explicitFileType = wrapper.application; includeInIndex = 0; path = SanityDemoApp.app; sourceTree = BUILT_PRODUCTS_DIR; };
		D2E71DC8264356FE00DBECEC /* SanityDemoApp.swift */ = {isa = PBXFileReference; lastKnownFileType = sourcecode.swift; path = SanityDemoApp.swift; sourceTree = "<group>"; };
		D2E71DCA264356FE00DBECEC /* ContentView.swift */ = {isa = PBXFileReference; lastKnownFileType = sourcecode.swift; path = ContentView.swift; sourceTree = "<group>"; };
		D2E71DCC264356FF00DBECEC /* Assets.xcassets */ = {isa = PBXFileReference; lastKnownFileType = folder.assetcatalog; path = Assets.xcassets; sourceTree = "<group>"; };
		D2E71DCF264356FF00DBECEC /* Preview Assets.xcassets */ = {isa = PBXFileReference; lastKnownFileType = folder.assetcatalog; path = "Preview Assets.xcassets"; sourceTree = "<group>"; };
		D2E71DD1264356FF00DBECEC /* Info.plist */ = {isa = PBXFileReference; lastKnownFileType = text.plist.xml; path = Info.plist; sourceTree = "<group>"; };
		D2E71DE0264358D800DBECEC /* SanitySwift */ = {isa = PBXFileReference; lastKnownFileType = folder; name = SanitySwift; path = ../..; sourceTree = "<group>"; };
/* End PBXFileReference section */

/* Begin PBXFrameworksBuildPhase section */
		D2E71DC2264356FE00DBECEC /* Frameworks */ = {
			isa = PBXFrameworksBuildPhase;
			buildActionMask = 2147483647;
			files = (
				D252ADDD26435BBE000B349B /* Sanity in Frameworks */,
				D2E71DDC264357C100DBECEC /* SDWebImageSwiftUI in Frameworks */,
			);
			runOnlyForDeploymentPostprocessing = 0;
		};
/* End PBXFrameworksBuildPhase section */

/* Begin PBXGroup section */
		D2E71DBC264356FE00DBECEC = {
			isa = PBXGroup;
			children = (
				D2E71DC7264356FE00DBECEC /* SanityDemoApp */,
				D2E71DC6264356FE00DBECEC /* Products */,
				D2E71DD72643570900DBECEC /* Frameworks */,
			);
			sourceTree = "<group>";
		};
		D2E71DC6264356FE00DBECEC /* Products */ = {
			isa = PBXGroup;
			children = (
				D2E71DC5264356FE00DBECEC /* SanityDemoApp.app */,
			);
			name = Products;
			sourceTree = "<group>";
		};
		D2E71DC7264356FE00DBECEC /* SanityDemoApp */ = {
			isa = PBXGroup;
			children = (
				D2E71DC8264356FE00DBECEC /* SanityDemoApp.swift */,
				D2E71DCA264356FE00DBECEC /* ContentView.swift */,
				D2E71DCC264356FF00DBECEC /* Assets.xcassets */,
				D2E71DD1264356FF00DBECEC /* Info.plist */,
				D2E71DCE264356FF00DBECEC /* Preview Content */,
			);
			path = SanityDemoApp;
			sourceTree = "<group>";
		};
		D2E71DCE264356FF00DBECEC /* Preview Content */ = {
			isa = PBXGroup;
			children = (
				D2E71DCF264356FF00DBECEC /* Preview Assets.xcassets */,
			);
			path = "Preview Content";
			sourceTree = "<group>";
		};
		D2E71DD72643570900DBECEC /* Frameworks */ = {
			isa = PBXGroup;
			children = (
				D2E71DE0264358D800DBECEC /* SanitySwift */,
			);
			name = Frameworks;
			sourceTree = "<group>";
		};
/* End PBXGroup section */

/* Begin PBXNativeTarget section */
		D2E71DC4264356FE00DBECEC /* SanityDemoApp */ = {
			isa = PBXNativeTarget;
			buildConfigurationList = D2E71DD4264356FF00DBECEC /* Build configuration list for PBXNativeTarget "SanityDemoApp" */;
			buildPhases = (
				D2E71DC1264356FE00DBECEC /* Sources */,
				D2E71DC2264356FE00DBECEC /* Frameworks */,
				D2E71DC3264356FE00DBECEC /* Resources */,
			);
			buildRules = (
			);
			dependencies = (
			);
			name = SanityDemoApp;
			packageProductDependencies = (
				D2E71DDB264357C100DBECEC /* SDWebImageSwiftUI */,
				D252ADDC26435BBE000B349B /* Sanity */,
			);
			productName = SanityDemoApp;
			productReference = D2E71DC5264356FE00DBECEC /* SanityDemoApp.app */;
			productType = "com.apple.product-type.application";
		};
/* End PBXNativeTarget section */

/* Begin PBXProject section */
		D2E71DBD264356FE00DBECEC /* Project object */ = {
			isa = PBXProject;
			attributes = {
				LastSwiftUpdateCheck = 1250;
				LastUpgradeCheck = 1250;
				TargetAttributes = {
					D2E71DC4264356FE00DBECEC = {
						CreatedOnToolsVersion = 12.5;
					};
				};
			};
			buildConfigurationList = D2E71DC0264356FE00DBECEC /* Build configuration list for PBXProject "SanityDemoApp" */;
			compatibilityVersion = "Xcode 9.3";
			developmentRegion = en;
			hasScannedForEncodings = 0;
			knownRegions = (
				en,
				Base,
			);
			mainGroup = D2E71DBC264356FE00DBECEC;
			packageReferences = (
				D2E71DDA264357C100DBECEC /* XCRemoteSwiftPackageReference "SDWebImageSwiftUI" */,
			);
			productRefGroup = D2E71DC6264356FE00DBECEC /* Products */;
			projectDirPath = "";
			projectRoot = "";
			targets = (
				D2E71DC4264356FE00DBECEC /* SanityDemoApp */,
			);
		};
/* End PBXProject section */

/* Begin PBXResourcesBuildPhase section */
		D2E71DC3264356FE00DBECEC /* Resources */ = {
			isa = PBXResourcesBuildPhase;
			buildActionMask = 2147483647;
			files = (
				D2E71DD0264356FF00DBECEC /* Preview Assets.xcassets in Resources */,
				D2E71DCD264356FF00DBECEC /* Assets.xcassets in Resources */,
			);
			runOnlyForDeploymentPostprocessing = 0;
		};
/* End PBXResourcesBuildPhase section */

/* Begin PBXSourcesBuildPhase section */
		D2E71DC1264356FE00DBECEC /* Sources */ = {
			isa = PBXSourcesBuildPhase;
			buildActionMask = 2147483647;
			files = (
				D2E71DCB264356FE00DBECEC /* ContentView.swift in Sources */,
				D2E71DC9264356FE00DBECEC /* SanityDemoApp.swift in Sources */,
			);
			runOnlyForDeploymentPostprocessing = 0;
		};
/* End PBXSourcesBuildPhase section */

/* Begin XCBuildConfiguration section */
		D2E71DD2264356FF00DBECEC /* Debug */ = {
			isa = XCBuildConfiguration;
			buildSettings = {
				ALWAYS_SEARCH_USER_PATHS = NO;
				CLANG_ANALYZER_NONNULL = YES;
				CLANG_ANALYZER_NUMBER_OBJECT_CONVERSION = YES_AGGRESSIVE;
				CLANG_CXX_LANGUAGE_STANDARD = "gnu++14";
				CLANG_CXX_LIBRARY = "libc++";
				CLANG_ENABLE_MODULES = YES;
				CLANG_ENABLE_OBJC_ARC = YES;
				CLANG_ENABLE_OBJC_WEAK = YES;
				CLANG_WARN_BLOCK_CAPTURE_AUTORELEASING = YES;
				CLANG_WARN_BOOL_CONVERSION = YES;
				CLANG_WARN_COMMA = YES;
				CLANG_WARN_CONSTANT_CONVERSION = YES;
				CLANG_WARN_DEPRECATED_OBJC_IMPLEMENTATIONS = YES;
				CLANG_WARN_DIRECT_OBJC_ISA_USAGE = YES_ERROR;
				CLANG_WARN_DOCUMENTATION_COMMENTS = YES;
				CLANG_WARN_EMPTY_BODY = YES;
				CLANG_WARN_ENUM_CONVERSION = YES;
				CLANG_WARN_INFINITE_RECURSION = YES;
				CLANG_WARN_INT_CONVERSION = YES;
				CLANG_WARN_NON_LITERAL_NULL_CONVERSION = YES;
				CLANG_WARN_OBJC_IMPLICIT_RETAIN_SELF = YES;
				CLANG_WARN_OBJC_LITERAL_CONVERSION = YES;
				CLANG_WARN_OBJC_ROOT_CLASS = YES_ERROR;
				CLANG_WARN_QUOTED_INCLUDE_IN_FRAMEWORK_HEADER = YES;
				CLANG_WARN_RANGE_LOOP_ANALYSIS = YES;
				CLANG_WARN_STRICT_PROTOTYPES = YES;
				CLANG_WARN_SUSPICIOUS_MOVE = YES;
				CLANG_WARN_UNGUARDED_AVAILABILITY = YES_AGGRESSIVE;
				CLANG_WARN_UNREACHABLE_CODE = YES;
				CLANG_WARN__DUPLICATE_METHOD_MATCH = YES;
				COPY_PHASE_STRIP = NO;
				DEBUG_INFORMATION_FORMAT = dwarf;
				ENABLE_STRICT_OBJC_MSGSEND = YES;
				ENABLE_TESTABILITY = YES;
				GCC_C_LANGUAGE_STANDARD = gnu11;
				GCC_DYNAMIC_NO_PIC = NO;
				GCC_NO_COMMON_BLOCKS = YES;
				GCC_OPTIMIZATION_LEVEL = 0;
				GCC_PREPROCESSOR_DEFINITIONS = (
					"DEBUG=1",
					"$(inherited)",
				);
				GCC_WARN_64_TO_32_BIT_CONVERSION = YES;
				GCC_WARN_ABOUT_RETURN_TYPE = YES_ERROR;
				GCC_WARN_UNDECLARED_SELECTOR = YES;
				GCC_WARN_UNINITIALIZED_AUTOS = YES_AGGRESSIVE;
				GCC_WARN_UNUSED_FUNCTION = YES;
				GCC_WARN_UNUSED_VARIABLE = YES;
				IPHONEOS_DEPLOYMENT_TARGET = 14.5;
				MTL_ENABLE_DEBUG_INFO = INCLUDE_SOURCE;
				MTL_FAST_MATH = YES;
				ONLY_ACTIVE_ARCH = YES;
				SDKROOT = iphoneos;
				SWIFT_ACTIVE_COMPILATION_CONDITIONS = DEBUG;
				SWIFT_OPTIMIZATION_LEVEL = "-Onone";
			};
			name = Debug;
		};
		D2E71DD3264356FF00DBECEC /* Release */ = {
			isa = XCBuildConfiguration;
			buildSettings = {
				ALWAYS_SEARCH_USER_PATHS = NO;
				CLANG_ANALYZER_NONNULL = YES;
				CLANG_ANALYZER_NUMBER_OBJECT_CONVERSION = YES_AGGRESSIVE;
				CLANG_CXX_LANGUAGE_STANDARD = "gnu++14";
				CLANG_CXX_LIBRARY = "libc++";
				CLANG_ENABLE_MODULES = YES;
				CLANG_ENABLE_OBJC_ARC = YES;
				CLANG_ENABLE_OBJC_WEAK = YES;
				CLANG_WARN_BLOCK_CAPTURE_AUTORELEASING = YES;
				CLANG_WARN_BOOL_CONVERSION = YES;
				CLANG_WARN_COMMA = YES;
				CLANG_WARN_CONSTANT_CONVERSION = YES;
				CLANG_WARN_DEPRECATED_OBJC_IMPLEMENTATIONS = YES;
				CLANG_WARN_DIRECT_OBJC_ISA_USAGE = YES_ERROR;
				CLANG_WARN_DOCUMENTATION_COMMENTS = YES;
				CLANG_WARN_EMPTY_BODY = YES;
				CLANG_WARN_ENUM_CONVERSION = YES;
				CLANG_WARN_INFINITE_RECURSION = YES;
				CLANG_WARN_INT_CONVERSION = YES;
				CLANG_WARN_NON_LITERAL_NULL_CONVERSION = YES;
				CLANG_WARN_OBJC_IMPLICIT_RETAIN_SELF = YES;
				CLANG_WARN_OBJC_LITERAL_CONVERSION = YES;
				CLANG_WARN_OBJC_ROOT_CLASS = YES_ERROR;
				CLANG_WARN_QUOTED_INCLUDE_IN_FRAMEWORK_HEADER = YES;
				CLANG_WARN_RANGE_LOOP_ANALYSIS = YES;
				CLANG_WARN_STRICT_PROTOTYPES = YES;
				CLANG_WARN_SUSPICIOUS_MOVE = YES;
				CLANG_WARN_UNGUARDED_AVAILABILITY = YES_AGGRESSIVE;
				CLANG_WARN_UNREACHABLE_CODE = YES;
				CLANG_WARN__DUPLICATE_METHOD_MATCH = YES;
				COPY_PHASE_STRIP = NO;
				DEBUG_INFORMATION_FORMAT = "dwarf-with-dsym";
				ENABLE_NS_ASSERTIONS = NO;
				ENABLE_STRICT_OBJC_MSGSEND = YES;
				GCC_C_LANGUAGE_STANDARD = gnu11;
				GCC_NO_COMMON_BLOCKS = YES;
				GCC_WARN_64_TO_32_BIT_CONVERSION = YES;
				GCC_WARN_ABOUT_RETURN_TYPE = YES_ERROR;
				GCC_WARN_UNDECLARED_SELECTOR = YES;
				GCC_WARN_UNINITIALIZED_AUTOS = YES_AGGRESSIVE;
				GCC_WARN_UNUSED_FUNCTION = YES;
				GCC_WARN_UNUSED_VARIABLE = YES;
				IPHONEOS_DEPLOYMENT_TARGET = 14.5;
				MTL_ENABLE_DEBUG_INFO = NO;
				MTL_FAST_MATH = YES;
				SDKROOT = iphoneos;
				SWIFT_COMPILATION_MODE = wholemodule;
				SWIFT_OPTIMIZATION_LEVEL = "-O";
				VALIDATE_PRODUCT = YES;
			};
			name = Release;
		};
		D2E71DD5264356FF00DBECEC /* Debug */ = {
			isa = XCBuildConfiguration;
			buildSettings = {
				ASSETCATALOG_COMPILER_APPICON_NAME = AppIcon;
				ASSETCATALOG_COMPILER_GLOBAL_ACCENT_COLOR_NAME = AccentColor;
				CODE_SIGN_STYLE = Automatic;
				DEVELOPMENT_ASSET_PATHS = "\"SanityDemoApp/Preview Content\"";
				ENABLE_PREVIEWS = YES;
				INFOPLIST_FILE = SanityDemoApp/Info.plist;
				IPHONEOS_DEPLOYMENT_TARGET = 14.0;
				LD_RUNPATH_SEARCH_PATHS = (
					"$(inherited)",
					"@executable_path/Frameworks",
				);
				PRODUCT_BUNDLE_IDENTIFIER = com.sgulseth.SanityDemoApp;
				PRODUCT_NAME = "$(TARGET_NAME)";
				SWIFT_VERSION = 5.0;
				TARGETED_DEVICE_FAMILY = "1,2";
			};
			name = Debug;
		};
		D2E71DD6264356FF00DBECEC /* Release */ = {
			isa = XCBuildConfiguration;
			buildSettings = {
				ASSETCATALOG_COMPILER_APPICON_NAME = AppIcon;
				ASSETCATALOG_COMPILER_GLOBAL_ACCENT_COLOR_NAME = AccentColor;
				CODE_SIGN_STYLE = Automatic;
				DEVELOPMENT_ASSET_PATHS = "\"SanityDemoApp/Preview Content\"";
				ENABLE_PREVIEWS = YES;
				INFOPLIST_FILE = SanityDemoApp/Info.plist;
				IPHONEOS_DEPLOYMENT_TARGET = 14.0;
				LD_RUNPATH_SEARCH_PATHS = (
					"$(inherited)",
					"@executable_path/Frameworks",
				);
				PRODUCT_BUNDLE_IDENTIFIER = com.sgulseth.SanityDemoApp;
				PRODUCT_NAME = "$(TARGET_NAME)";
				SWIFT_VERSION = 5.0;
				TARGETED_DEVICE_FAMILY = "1,2";
			};
			name = Release;
		};
/* End XCBuildConfiguration section */

/* Begin XCConfigurationList section */
		D2E71DC0264356FE00DBECEC /* Build configuration list for PBXProject "SanityDemoApp" */ = {
			isa = XCConfigurationList;
			buildConfigurations = (
				D2E71DD2264356FF00DBECEC /* Debug */,
				D2E71DD3264356FF00DBECEC /* Release */,
			);
			defaultConfigurationIsVisible = 0;
			defaultConfigurationName = Release;
		};
		D2E71DD4264356FF00DBECEC /* Build configuration list for PBXNativeTarget "SanityDemoApp" */ = {
			isa = XCConfigurationList;
			buildConfigurations = (
				D2E71DD5264356FF00DBECEC /* Debug */,
				D2E71DD6264356FF00DBECEC /* Release */,
			);
			defaultConfigurationIsVisible = 0;
			defaultConfigurationName = Release;
		};
/* End XCConfigurationList section */

/* Begin XCRemoteSwiftPackageReference section */
		D2E71DDA264357C100DBECEC /* XCRemoteSwiftPackageReference "SDWebImageSwiftUI" */ = {
			isa = XCRemoteSwiftPackageReference;
			repositoryURL = "https://github.com/SDWebImage/SDWebImageSwiftUI";
			requirement = {
				kind = upToNextMajorVersion;
				minimumVersion = 2.0.2;
			};
		};
/* End XCRemoteSwiftPackageReference section */

/* Begin XCSwiftPackageProductDependency section */
		D252ADDC26435BBE000B349B /* Sanity */ = {
			isa = XCSwiftPackageProductDependency;
			productName = Sanity;
		};
		D2E71DDB264357C100DBECEC /* SDWebImageSwiftUI */ = {
			isa = XCSwiftPackageProductDependency;
			package = D2E71DDA264357C100DBECEC /* XCRemoteSwiftPackageReference "SDWebImageSwiftUI" */;
			productName = SDWebImageSwiftUI;
		};
/* End XCSwiftPackageProductDependency section */
	};
	rootObject = D2E71DBD264356FE00DBECEC /* Project object */;
}
